
Microsoft Visual Studio Solution File, Format Version 12.00
# Visual Studio Version 16
VisualStudioVersion = 16.0.30804.86
MinimumVisualStudioVersion = 10.0.40219.1
Project("{FAE04EC0-301F-11D3-BF4B-00C04F79EFBC}") = "Sample", "Sample.csproj", "{DB9B3F84-5053-4033-BB49-BD0924230DE1}"
EndProject
Global
	GlobalSection(SolutionConfigurationPlatforms) = preSolution
		Debug|Any CPU = Debug|Any CPU
		Release|Any CPU = Release|Any CPU
	EndGlobalSection
	GlobalSection(ProjectConfigurationPlatforms) = postSolution
		{DB9B3F84-5053-4033-BB49-BD0924230DE1}.Debug|Any CPU.ActiveCfg = Debug|Any CPU
		{DB9B3F84-5053-4033-BB49-BD0924230DE1}.Debug|Any CPU.Build.0 = Debug|Any CPU
		{DB9B3F84-5053-4033-BB49-BD0924230DE1}.Release|Any CPU.ActiveCfg = Release|Any CPU
		{DB9B3F84-5053-4033-BB49-BD0924230DE1}.Release|Any CPU.Build.0 = Release|Any CPU
	EndGlobalSection
	GlobalSection(SolutionProperties) = preSolution
		HideSolutionNode = FALSE
	EndGlobalSection
	GlobalSection(ExtensibilityGlobals) = postSolution
		SolutionGuid = {8E5031C1-DA8C-41F4-AD49-35CEBC06592F}
	EndGlobalSection
EndGlobal
